
Microsoft Visual Studio Solution File, Format Version 12.00
# Visual Studio 2013
VisualStudioVersion = 12.0.31101.0
MinimumVisualStudioVersion = 10.0.40219.1
Project("{2150E333-8FDC-42A3-9474-1A3956D46DE8}") = ".nuget", ".nuget", "{4DD65DAB-F3EF-4D1F-929E-CC1CE188B943}"
	ProjectSection(SolutionItems) = preProject
		.nuget\NuGet.Config = .nuget\NuGet.Config
		.nuget\NuGet.exe = .nuget\NuGet.exe
		.nuget\NuGet.targets = .nuget\NuGet.targets
	EndProjectSection
EndProject
Project("{FAE04EC0-301F-11D3-BF4B-00C04F79EFBC}") = "PancakeProwler.Web", "PancakeProwler.Web\PancakeProwler.Web.csproj", "{8C705560-5081-4801-8393-91056602998E}"
EndProject
Project("{FAE04EC0-301F-11D3-BF4B-00C04F79EFBC}") = "PancakeProwler.Web.Tests", "PancakeProwler.Web.Tests\PancakeProwler.Web.Tests.csproj", "{758B47F1-970A-4671-8FB5-463EEDD348B4}"
EndProject
Project("{FAE04EC0-301F-11D3-BF4B-00C04F79EFBC}") = "PancakeProwler.Data.SQL", "PancakeProwler.Data.SQL\PancakeProwler.Data.SQL.csproj", "{BD158B9E-9C16-46F3-8709-CE7A69F24DA2}"
EndProject
Project("{FAE04EC0-301F-11D3-BF4B-00C04F79EFBC}") = "PancakeProwler.Data.Table", "PancakeProwler.Data.Table\PancakeProwler.Data.Table.csproj", "{4C58230F-C5AF-4D81-A244-3567E40DD4B5}"
EndProject
Project("{FAE04EC0-301F-11D3-BF4B-00C04F79EFBC}") = "PancakeProwler.Data.Common", "PancakeProwler.Data.Common\PancakeProwler.Data.Common.csproj", "{69B6AAD3-9F25-4AF4-BC11-F35042A6C648}"
EndProject
Project("{CC5FD16D-436D-48AD-A40C-5A424C6E3E79}") = "PancakeProwler.Azure", "PancakeProwler.Azure\PancakeProwler.Azure.ccproj", "{9A9277EC-B96D-44E6-A5B5-E49D2D38CDD8}"
EndProject
Project("{FAE04EC0-301F-11D3-BF4B-00C04F79EFBC}") = "PancakeProwler.Data.Queue", "PancakeProwler.Data.Queue\PancakeProwler.Data.Queue.csproj", "{A4545760-A2E6-4489-80BA-4093CB6AA14F}"
EndProject
Project("{FAE04EC0-301F-11D3-BF4B-00C04F79EFBC}") = "PancakeProwler.BookCreator", "PancakeProwler.BookCreator\PancakeProwler.BookCreator.csproj", "{D15673D7-F1EA-4BCB-927E-50162693E51A}"
EndProject
Project("{FAE04EC0-301F-11D3-BF4B-00C04F79EFBC}") = "PancakeProwler.Data.InMemory", "PancakeProwler.Data.InMemory\PancakeProwler.Data.InMemory.csproj", "{334307D9-11A1-4059-A51C-205A4027BDDB}"
EndProject
Project("{FAE04EC0-301F-11D3-BF4B-00C04F79EFBC}") = "PancakeProwler.Data.DocumentDb", "PancakeProwler.Data.DocumentDb\PancakeProwler.Data.DocumentDb.csproj", "{4FF47D11-34B4-46AB-A281-267DE2FFC8EA}"
EndProject
Project("{FAE04EC0-301F-11D3-BF4B-00C04F79EFBC}") = "PancakeProwler.Data.ServiceBus", "PancakeProwler.Data.ServiceBus\PancakeProwler.Data.ServiceBus.csproj", "{3470221D-3E9B-44B3-BE8E-1DB948EACE2A}"
EndProject
Project("{FAE04EC0-301F-11D3-BF4B-00C04F79EFBC}") = "PancakeProwler.Search", "PancakeProwler.Search\PancakeProwler.Search.csproj", "{CCED90FF-D342-4C19-BAB7-D8A2F961DDEB}"
EndProject
Global
	GlobalSection(SolutionConfigurationPlatforms) = preSolution
		Debug|Any CPU = Debug|Any CPU
		Release|Any CPU = Release|Any CPU
	EndGlobalSection
	GlobalSection(ProjectConfigurationPlatforms) = postSolution
		{8C705560-5081-4801-8393-91056602998E}.Debug|Any CPU.ActiveCfg = Debug|Any CPU
		{8C705560-5081-4801-8393-91056602998E}.Debug|Any CPU.Build.0 = Debug|Any CPU
		{8C705560-5081-4801-8393-91056602998E}.Release|Any CPU.ActiveCfg = Release|Any CPU
		{8C705560-5081-4801-8393-91056602998E}.Release|Any CPU.Build.0 = Release|Any CPU
		{758B47F1-970A-4671-8FB5-463EEDD348B4}.Debug|Any CPU.ActiveCfg = Debug|Any CPU
		{758B47F1-970A-4671-8FB5-463EEDD348B4}.Debug|Any CPU.Build.0 = Debug|Any CPU
		{758B47F1-970A-4671-8FB5-463EEDD348B4}.Release|Any CPU.ActiveCfg = Release|Any CPU
		{758B47F1-970A-4671-8FB5-463EEDD348B4}.Release|Any CPU.Build.0 = Release|Any CPU
		{BD158B9E-9C16-46F3-8709-CE7A69F24DA2}.Debug|Any CPU.ActiveCfg = Debug|Any CPU
		{BD158B9E-9C16-46F3-8709-CE7A69F24DA2}.Debug|Any CPU.Build.0 = Debug|Any CPU
		{BD158B9E-9C16-46F3-8709-CE7A69F24DA2}.Release|Any CPU.ActiveCfg = Release|Any CPU
		{BD158B9E-9C16-46F3-8709-CE7A69F24DA2}.Release|Any CPU.Build.0 = Release|Any CPU
		{4C58230F-C5AF-4D81-A244-3567E40DD4B5}.Debug|Any CPU.ActiveCfg = Debug|Any CPU
		{4C58230F-C5AF-4D81-A244-3567E40DD4B5}.Debug|Any CPU.Build.0 = Debug|Any CPU
		{4C58230F-C5AF-4D81-A244-3567E40DD4B5}.Release|Any CPU.ActiveCfg = Release|Any CPU
		{4C58230F-C5AF-4D81-A244-3567E40DD4B5}.Release|Any CPU.Build.0 = Release|Any CPU
		{69B6AAD3-9F25-4AF4-BC11-F35042A6C648}.Debug|Any CPU.ActiveCfg = Debug|Any CPU
		{69B6AAD3-9F25-4AF4-BC11-F35042A6C648}.Debug|Any CPU.Build.0 = Debug|Any CPU
		{69B6AAD3-9F25-4AF4-BC11-F35042A6C648}.Release|Any CPU.ActiveCfg = Release|Any CPU
		{69B6AAD3-9F25-4AF4-BC11-F35042A6C648}.Release|Any CPU.Build.0 = Release|Any CPU
		{9A9277EC-B96D-44E6-A5B5-E49D2D38CDD8}.Debug|Any CPU.ActiveCfg = Debug|Any CPU
		{9A9277EC-B96D-44E6-A5B5-E49D2D38CDD8}.Debug|Any CPU.Build.0 = Debug|Any CPU
		{9A9277EC-B96D-44E6-A5B5-E49D2D38CDD8}.Release|Any CPU.ActiveCfg = Release|Any CPU
		{9A9277EC-B96D-44E6-A5B5-E49D2D38CDD8}.Release|Any CPU.Build.0 = Release|Any CPU
		{A4545760-A2E6-4489-80BA-4093CB6AA14F}.Debug|Any CPU.ActiveCfg = Debug|Any CPU
		{A4545760-A2E6-4489-80BA-4093CB6AA14F}.Debug|Any CPU.Build.0 = Debug|Any CPU
		{A4545760-A2E6-4489-80BA-4093CB6AA14F}.Release|Any CPU.ActiveCfg = Release|Any CPU
		{A4545760-A2E6-4489-80BA-4093CB6AA14F}.Release|Any CPU.Build.0 = Release|Any CPU
		{D15673D7-F1EA-4BCB-927E-50162693E51A}.Debug|Any CPU.ActiveCfg = Debug|Any CPU
		{D15673D7-F1EA-4BCB-927E-50162693E51A}.Debug|Any CPU.Build.0 = Debug|Any CPU
		{D15673D7-F1EA-4BCB-927E-50162693E51A}.Release|Any CPU.ActiveCfg = Release|Any CPU
		{D15673D7-F1EA-4BCB-927E-50162693E51A}.Release|Any CPU.Build.0 = Release|Any CPU
		{334307D9-11A1-4059-A51C-205A4027BDDB}.Debug|Any CPU.ActiveCfg = Debug|Any CPU
		{334307D9-11A1-4059-A51C-205A4027BDDB}.Debug|Any CPU.Build.0 = Debug|Any CPU
		{334307D9-11A1-4059-A51C-205A4027BDDB}.Release|Any CPU.ActiveCfg = Release|Any CPU
		{334307D9-11A1-4059-A51C-205A4027BDDB}.Release|Any CPU.Build.0 = Release|Any CPU
		{4FF47D11-34B4-46AB-A281-267DE2FFC8EA}.Debug|Any CPU.ActiveCfg = Debug|Any CPU
		{4FF47D11-34B4-46AB-A281-267DE2FFC8EA}.Debug|Any CPU.Build.0 = Debug|Any CPU
		{4FF47D11-34B4-46AB-A281-267DE2FFC8EA}.Release|Any CPU.ActiveCfg = Release|Any CPU
		{4FF47D11-34B4-46AB-A281-267DE2FFC8EA}.Release|Any CPU.Build.0 = Release|Any CPU
		{3470221D-3E9B-44B3-BE8E-1DB948EACE2A}.Debug|Any CPU.ActiveCfg = Debug|Any CPU
		{3470221D-3E9B-44B3-BE8E-1DB948EACE2A}.Debug|Any CPU.Build.0 = Debug|Any CPU
		{3470221D-3E9B-44B3-BE8E-1DB948EACE2A}.Release|Any CPU.ActiveCfg = Release|Any CPU
		{3470221D-3E9B-44B3-BE8E-1DB948EACE2A}.Release|Any CPU.Build.0 = Release|Any CPU
		{CCED90FF-D342-4C19-BAB7-D8A2F961DDEB}.Debug|Any CPU.ActiveCfg = Debug|Any CPU
		{CCED90FF-D342-4C19-BAB7-D8A2F961DDEB}.Debug|Any CPU.Build.0 = Debug|Any CPU
		{CCED90FF-D342-4C19-BAB7-D8A2F961DDEB}.Release|Any CPU.ActiveCfg = Release|Any CPU
		{CCED90FF-D342-4C19-BAB7-D8A2F961DDEB}.Release|Any CPU.Build.0 = Release|Any CPU
	EndGlobalSection
	GlobalSection(SolutionProperties) = preSolution
		HideSolutionNode = FALSE
	EndGlobalSection
	GlobalSection(CodealikeProperties) = postSolution
		SolutionGuid = d611153b-021a-427b-b0a7-8223801c0aec
	EndGlobalSection
EndGlobal
